// !$*UTF8*$!
{
	archiveVersion = 1;
	classes = {
	};
	objectVersion = 46;
	objects = {

/* Begin PBXBuildFile section */
		DDB6D7811A6459CB003B6EEA /* AppDelegate.m in Sources */ = {isa = PBXBuildFile; fileRef = DDB6D7801A6459CB003B6EEA /* AppDelegate.m */; };
		DDB6D7831A6459CB003B6EEA /* main.m in Sources */ = {isa = PBXBuildFile; fileRef = DDB6D7821A6459CB003B6EEA /* main.m */; };
		DDB6D7851A6459CB003B6EEA /* Images.xcassets in Resources */ = {isa = PBXBuildFile; fileRef = DDB6D7841A6459CB003B6EEA /* Images.xcassets */; };
		DDB6D7881A6459CB003B6EEA /* MainMenu.xib in Resources */ = {isa = PBXBuildFile; fileRef = DDB6D7861A6459CB003B6EEA /* MainMenu.xib */; };
		DDE507551A98E0B300AB5E8E /* AppleRemote.framework in Frameworks */ = {isa = PBXBuildFile; fileRef = DDE507541A98E0A600AB5E8E /* AppleRemote.framework */; };
		DDE507571A98E0B600AB5E8E /* AppleRemote.framework in Embed Frameworks */ = {isa = PBXBuildFile; fileRef = DDE507541A98E0A600AB5E8E /* AppleRemote.framework */; settings = {ATTRIBUTES = (CodeSignOnCopy, RemoveHeadersOnCopy, ); }; };
		DDE507601A98E0DF00AB5E8E /* AppleRemoteSimulator.framework in Frameworks */ = {isa = PBXBuildFile; fileRef = DDE5075F1A98E0D100AB5E8E /* AppleRemoteSimulator.framework */; };
		DDE507621A98E0E200AB5E8E /* AppleRemoteSimulator.framework in Embed Frameworks */ = {isa = PBXBuildFile; fileRef = DDE5075F1A98E0D100AB5E8E /* AppleRemoteSimulator.framework */; settings = {ATTRIBUTES = (CodeSignOnCopy, RemoveHeadersOnCopy, ); }; };
/* End PBXBuildFile section */

/* Begin PBXContainerItemProxy section */
		DDE507531A98E0A600AB5E8E /* PBXContainerItemProxy */ = {
			isa = PBXContainerItemProxy;
			containerPortal = DDE5074F1A98E0A500AB5E8E /* AppleRemote.xcodeproj */;
			proxyType = 2;
			remoteGlobalIDString = DDB6D7551A64599C003B6EEA;
			remoteInfo = AppleRemote;
		};
		DDE507581A98E0B600AB5E8E /* PBXContainerItemProxy */ = {
			isa = PBXContainerItemProxy;
			containerPortal = DDE5074F1A98E0A500AB5E8E /* AppleRemote.xcodeproj */;
			proxyType = 1;
			remoteGlobalIDString = DDB6D7541A64599C003B6EEA;
			remoteInfo = AppleRemote;
		};
		DDE5075E1A98E0D100AB5E8E /* PBXContainerItemProxy */ = {
			isa = PBXContainerItemProxy;
			containerPortal = DDE5075A1A98E0D100AB5E8E /* AppleRemoteSimulator.xcodeproj */;
			proxyType = 2;
			remoteGlobalIDString = DDDB44B11A98DEF90047F7B7;
			remoteInfo = AppleRemoteSimulator;
		};
		DDE507631A98E0E200AB5E8E /* PBXContainerItemProxy */ = {
			isa = PBXContainerItemProxy;
			containerPortal = DDE5075A1A98E0D100AB5E8E /* AppleRemoteSimulator.xcodeproj */;
			proxyType = 1;
			remoteGlobalIDString = DDDB44B01A98DEF90047F7B7;
			remoteInfo = AppleRemoteSimulator;
		};
/* End PBXContainerItemProxy section */

/* Begin PBXCopyFilesBuildPhase section */
		DDB6D7AA1A645A14003B6EEA /* Embed Frameworks */ = {
			isa = PBXCopyFilesBuildPhase;
			buildActionMask = 2147483647;
			dstPath = "";
			dstSubfolderSpec = 10;
			files = (
				DDE507621A98E0E200AB5E8E /* AppleRemoteSimulator.framework in Embed Frameworks */,
				DDE507571A98E0B600AB5E8E /* AppleRemote.framework in Embed Frameworks */,
			);
			name = "Embed Frameworks";
			runOnlyForDeploymentPostprocessing = 0;
		};
/* End PBXCopyFilesBuildPhase section */

/* Begin PBXFileReference section */
		DDB6D77A1A6459CB003B6EEA /* Apple Remote Demo.app */ = {isa = PBXFileReference; explicitFileType = wrapper.application; includeInIndex = 0; path = "Apple Remote Demo.app"; sourceTree = BUILT_PRODUCTS_DIR; };
		DDB6D77E1A6459CB003B6EEA /* Info.plist */ = {isa = PBXFileReference; lastKnownFileType = text.plist.xml; path = Info.plist; sourceTree = "<group>"; };
		DDB6D77F1A6459CB003B6EEA /* AppDelegate.h */ = {isa = PBXFileReference; lastKnownFileType = sourcecode.c.h; path = AppDelegate.h; sourceTree = "<group>"; };
		DDB6D7801A6459CB003B6EEA /* AppDelegate.m */ = {isa = PBXFileReference; lastKnownFileType = sourcecode.c.objc; path = AppDelegate.m; sourceTree = "<group>"; };
		DDB6D7821A6459CB003B6EEA /* main.m */ = {isa = PBXFileReference; lastKnownFileType = sourcecode.c.objc; path = main.m; sourceTree = "<group>"; };
		DDB6D7841A6459CB003B6EEA /* Images.xcassets */ = {isa = PBXFileReference; lastKnownFileType = folder.assetcatalog; path = Images.xcassets; sourceTree = "<group>"; };
		DDB6D7871A6459CB003B6EEA /* Base */ = {isa = PBXFileReference; lastKnownFileType = file.xib; name = Base; path = Base.lproj/MainMenu.xib; sourceTree = "<group>"; };
		DDE5074F1A98E0A500AB5E8E /* AppleRemote.xcodeproj */ = {isa = PBXFileReference; lastKnownFileType = "wrapper.pb-project"; name = AppleRemote.xcodeproj; path = ../../../AppleRemote/AppleRemote.xcodeproj; sourceTree = "<group>"; };
		DDE5075A1A98E0D100AB5E8E /* AppleRemoteSimulator.xcodeproj */ = {isa = PBXFileReference; lastKnownFileType = "wrapper.pb-project"; name = AppleRemoteSimulator.xcodeproj; path = ../../shared/AppleRemoteSimulator/AppleRemoteSimulator.xcodeproj; sourceTree = "<group>"; };
/* End PBXFileReference section */

/* Begin PBXFrameworksBuildPhase section */
		DDB6D7771A6459CB003B6EEA /* Frameworks */ = {
			isa = PBXFrameworksBuildPhase;
			buildActionMask = 2147483647;
			files = (
				DDE507551A98E0B300AB5E8E /* AppleRemote.framework in Frameworks */,
				DDE507601A98E0DF00AB5E8E /* AppleRemoteSimulator.framework in Frameworks */,
			);
			runOnlyForDeploymentPostprocessing = 0;
		};
/* End PBXFrameworksBuildPhase section */

/* Begin PBXGroup section */
		DDB6D7711A6459CB003B6EEA = {
			isa = PBXGroup;
			children = (
				DDE5075A1A98E0D100AB5E8E /* AppleRemoteSimulator.xcodeproj */,
				DDE5074F1A98E0A500AB5E8E /* AppleRemote.xcodeproj */,
				DDB6D77C1A6459CB003B6EEA /* Apple Remote Demo */,
				DDB6D77B1A6459CB003B6EEA /* Products */,
			);
			sourceTree = "<group>";
		};
		DDB6D77B1A6459CB003B6EEA /* Products */ = {
			isa = PBXGroup;
			children = (
				DDB6D77A1A6459CB003B6EEA /* Apple Remote Demo.app */,
			);
			name = Products;
			sourceTree = "<group>";
		};
		DDB6D77C1A6459CB003B6EEA /* Apple Remote Demo */ = {
			isa = PBXGroup;
			children = (
				DDB6D77F1A6459CB003B6EEA /* AppDelegate.h */,
				DDB6D7801A6459CB003B6EEA /* AppDelegate.m */,
				DDB6D7841A6459CB003B6EEA /* Images.xcassets */,
				DDB6D7861A6459CB003B6EEA /* MainMenu.xib */,
				DDB6D77D1A6459CB003B6EEA /* Supporting Files */,
			);
			path = "Apple Remote Demo";
			sourceTree = "<group>";
		};
		DDB6D77D1A6459CB003B6EEA /* Supporting Files */ = {
			isa = PBXGroup;
			children = (
				DDB6D77E1A6459CB003B6EEA /* Info.plist */,
				DDB6D7821A6459CB003B6EEA /* main.m */,
			);
			name = "Supporting Files";
			sourceTree = "<group>";
		};
		DDE507501A98E0A500AB5E8E /* Products */ = {
			isa = PBXGroup;
			children = (
				DDE507541A98E0A600AB5E8E /* AppleRemote.framework */,
			);
			name = Products;
			sourceTree = "<group>";
		};
		DDE5075B1A98E0D100AB5E8E /* Products */ = {
			isa = PBXGroup;
			children = (
				DDE5075F1A98E0D100AB5E8E /* AppleRemoteSimulator.framework */,
			);
			name = Products;
			sourceTree = "<group>";
		};
/* End PBXGroup section */

/* Begin PBXNativeTarget section */
		DDB6D7791A6459CB003B6EEA /* Apple Remote Demo */ = {
			isa = PBXNativeTarget;
			buildConfigurationList = DDB6D7971A6459CB003B6EEA /* Build configuration list for PBXNativeTarget "Apple Remote Demo" */;
			buildPhases = (
				DDB6D7761A6459CB003B6EEA /* Sources */,
				DDB6D7771A6459CB003B6EEA /* Frameworks */,
				DDB6D7781A6459CB003B6EEA /* Resources */,
				DDB6D7AA1A645A14003B6EEA /* Embed Frameworks */,
			);
			buildRules = (
			);
			dependencies = (
				DDE507591A98E0B600AB5E8E /* PBXTargetDependency */,
				DDE507641A98E0E200AB5E8E /* PBXTargetDependency */,
			);
			name = "Apple Remote Demo";
			productName = "Apple Remote Demo";
			productReference = DDB6D77A1A6459CB003B6EEA /* Apple Remote Demo.app */;
			productType = "com.apple.product-type.application";
		};
/* End PBXNativeTarget section */

/* Begin PBXProject section */
		DDB6D7721A6459CB003B6EEA /* Project object */ = {
			isa = PBXProject;
			attributes = {
				LastUpgradeCheck = 0610;
				ORGANIZATIONNAME = "Guilherme Rambo";
				TargetAttributes = {
					DDB6D7791A6459CB003B6EEA = {
						CreatedOnToolsVersion = 6.1.1;
					};
				};
			};
			buildConfigurationList = DDB6D7751A6459CB003B6EEA /* Build configuration list for PBXProject "Apple Remote Demo" */;
			compatibilityVersion = "Xcode 3.2";
			developmentRegion = English;
			hasScannedForEncodings = 0;
			knownRegions = (
				en,
				Base,
			);
			mainGroup = DDB6D7711A6459CB003B6EEA;
			productRefGroup = DDB6D77B1A6459CB003B6EEA /* Products */;
			projectDirPath = "";
			projectReferences = (
				{
					ProductGroup = DDE507501A98E0A500AB5E8E /* Products */;
					ProjectRef = DDE5074F1A98E0A500AB5E8E /* AppleRemote.xcodeproj */;
				},
				{
					ProductGroup = DDE5075B1A98E0D100AB5E8E /* Products */;
					ProjectRef = DDE5075A1A98E0D100AB5E8E /* AppleRemoteSimulator.xcodeproj */;
				},
			);
			projectRoot = "";
			targets = (
				DDB6D7791A6459CB003B6EEA /* Apple Remote Demo */,
			);
		};
/* End PBXProject section */

/* Begin PBXReferenceProxy section */
		DDE507541A98E0A600AB5E8E /* AppleRemote.framework */ = {
			isa = PBXReferenceProxy;
			fileType = wrapper.framework;
			path = AppleRemote.framework;
			remoteRef = DDE507531A98E0A600AB5E8E /* PBXContainerItemProxy */;
			sourceTree = BUILT_PRODUCTS_DIR;
		};
		DDE5075F1A98E0D100AB5E8E /* AppleRemoteSimulator.framework */ = {
			isa = PBXReferenceProxy;
			fileType = wrapper.framework;
			path = AppleRemoteSimulator.framework;
			remoteRef = DDE5075E1A98E0D100AB5E8E /* PBXContainerItemProxy */;
			sourceTree = BUILT_PRODUCTS_DIR;
		};
/* End PBXReferenceProxy section */

/* Begin PBXResourcesBuildPhase section */
		DDB6D7781A6459CB003B6EEA /* Resources */ = {
			isa = PBXResourcesBuildPhase;
			buildActionMask = 2147483647;
			files = (
				DDB6D7851A6459CB003B6EEA /* Images.xcassets in Resources */,
				DDB6D7881A6459CB003B6EEA /* MainMenu.xib in Resources */,
			);
			runOnlyForDeploymentPostprocessing = 0;
		};
/* End PBXResourcesBuildPhase section */

/* Begin PBXSourcesBuildPhase section */
		DDB6D7761A6459CB003B6EEA /* Sources */ = {
			isa = PBXSourcesBuildPhase;
			buildActionMask = 2147483647;
			files = (
				DDB6D7831A6459CB003B6EEA /* main.m in Sources */,
				DDB6D7811A6459CB003B6EEA /* AppDelegate.m in Sources */,
			);
			runOnlyForDeploymentPostprocessing = 0;
		};
/* End PBXSourcesBuildPhase section */

/* Begin PBXTargetDependency section */
		DDE507591A98E0B600AB5E8E /* PBXTargetDependency */ = {
			isa = PBXTargetDependency;
			name = AppleRemote;
			targetProxy = DDE507581A98E0B600AB5E8E /* PBXContainerItemProxy */;
		};
		DDE507641A98E0E200AB5E8E /* PBXTargetDependency */ = {
			isa = PBXTargetDependency;
			name = AppleRemoteSimulator;
			targetProxy = DDE507631A98E0E200AB5E8E /* PBXContainerItemProxy */;
		};
/* End PBXTargetDependency section */

/* Begin PBXVariantGroup section */
		DDB6D7861A6459CB003B6EEA /* MainMenu.xib */ = {
			isa = PBXVariantGroup;
			children = (
				DDB6D7871A6459CB003B6EEA /* Base */,
			);
			name = MainMenu.xib;
			sourceTree = "<group>";
		};
/* End PBXVariantGroup section */

/* Begin XCBuildConfiguration section */
		DDB6D7951A6459CB003B6EEA /* Debug */ = {
			isa = XCBuildConfiguration;
			buildSettings = {
				ALWAYS_SEARCH_USER_PATHS = NO;
				CLANG_CXX_LANGUAGE_STANDARD = "gnu++0x";
				CLANG_CXX_LIBRARY = "libc++";
				CLANG_ENABLE_MODULES = YES;
				CLANG_ENABLE_OBJC_ARC = YES;
				CLANG_WARN_BOOL_CONVERSION = YES;
				CLANG_WARN_CONSTANT_CONVERSION = YES;
				CLANG_WARN_DIRECT_OBJC_ISA_USAGE = YES_ERROR;
				CLANG_WARN_EMPTY_BODY = YES;
				CLANG_WARN_ENUM_CONVERSION = YES;
				CLANG_WARN_INT_CONVERSION = YES;
				CLANG_WARN_OBJC_ROOT_CLASS = YES_ERROR;
				CLANG_WARN_UNREACHABLE_CODE = YES;
				CLANG_WARN__DUPLICATE_METHOD_MATCH = YES;
				CODE_SIGN_IDENTITY = "-";
				COPY_PHASE_STRIP = NO;
				ENABLE_STRICT_OBJC_MSGSEND = YES;
				GCC_C_LANGUAGE_STANDARD = gnu99;
				GCC_DYNAMIC_NO_PIC = NO;
				GCC_OPTIMIZATION_LEVEL = 0;
				GCC_PREPROCESSOR_DEFINITIONS = (
					"DEBUG=1",
					"$(inherited)",
				);
				GCC_SYMBOLS_PRIVATE_EXTERN = NO;
				GCC_WARN_64_TO_32_BIT_CONVERSION = YES;
				GCC_WARN_ABOUT_RETURN_TYPE = YES_ERROR;
				GCC_WARN_UNDECLARED_SELECTOR = YES;
				GCC_WARN_UNINITIALIZED_AUTOS = YES_AGGRESSIVE;
				GCC_WARN_UNUSED_FUNCTION = YES;
				GCC_WARN_UNUSED_VARIABLE = YES;
				MACOSX_DEPLOYMENT_TARGET = 10.10;
				MTL_ENABLE_DEBUG_INFO = YES;
				ONLY_ACTIVE_ARCH = YES;
				SDKROOT = macosx;
			};
			name = Debug;
		};
		DDB6D7961A6459CB003B6EEA /* Release */ = {
			isa = XCBuildConfiguration;
			buildSettings = {
				ALWAYS_SEARCH_USER_PATHS = NO;
				CLANG_CXX_LANGUAGE_STANDARD = "gnu++0x";
				CLANG_CXX_LIBRARY = "libc++";
				CLANG_ENABLE_MODULES = YES;
				CLANG_ENABLE_OBJC_ARC = YES;
				CLANG_WARN_BOOL_CONVERSION = YES;
				CLANG_WARN_CONSTANT_CONVERSION = YES;
				CLANG_WARN_DIRECT_OBJC_ISA_USAGE = YES_ERROR;
				CLANG_WARN_EMPTY_BODY = YES;
				CLANG_WARN_ENUM_CONVERSION = YES;
				CLANG_WARN_INT_CONVERSION = YES;
				CLANG_WARN_OBJC_ROOT_CLASS = YES_ERROR;
				CLANG_WARN_UNREACHABLE_CODE = YES;
				CLANG_WARN__DUPLICATE_METHOD_MATCH = YES;
				CODE_SIGN_IDENTITY = "-";
				COPY_PHASE_STRIP = YES;
				DEBUG_INFORMATION_FORMAT = "dwarf-with-dsym";
				ENABLE_NS_ASSERTIONS = NO;
				ENABLE_STRICT_OBJC_MSGSEND = YES;
				GCC_C_LANGUAGE_STANDARD = gnu99;
				GCC_WARN_64_TO_32_BIT_CONVERSION = YES;
				GCC_WARN_ABOUT_RETURN_TYPE = YES_ERROR;
				GCC_WARN_UNDECLARED_SELECTOR = YES;
				GCC_WARN_UNINITIALIZED_AUTOS = YES_AGGRESSIVE;
				GCC_WARN_UNUSED_FUNCTION = YES;
				GCC_WARN_UNUSED_VARIABLE = YES;
				MACOSX_DEPLOYMENT_TARGET = 10.10;
				MTL_ENABLE_DEBUG_INFO = NO;
				SDKROOT = macosx;
			};
			name = Release;
		};
		DDB6D7981A6459CB003B6EEA /* Debug */ = {
			isa = XCBuildConfiguration;
			buildSettings = {
				ASSETCATALOG_COMPILER_APPICON_NAME = AppIcon;
				COMBINE_HIDPI_IMAGES = YES;
				INFOPLIST_FILE = "Apple Remote Demo/Info.plist";
				LD_RUNPATH_SEARCH_PATHS = "$(inherited) @executable_path/../Frameworks";
				PRODUCT_NAME = "$(TARGET_NAME)";
			};
			name = Debug;
		};
		DDB6D7991A6459CB003B6EEA /* Release */ = {
			isa = XCBuildConfiguration;
			buildSettings = {
				ASSETCATALOG_COMPILER_APPICON_NAME = AppIcon;
				COMBINE_HIDPI_IMAGES = YES;
				INFOPLIST_FILE = "Apple Remote Demo/Info.plist";
				LD_RUNPATH_SEARCH_PATHS = "$(inherited) @executable_path/../Frameworks";
				PRODUCT_NAME = "$(TARGET_NAME)";
			};
			name = Release;
		};
/* End XCBuildConfiguration section */

/* Begin XCConfigurationList section */
		DDB6D7751A6459CB003B6EEA /* Build configuration list for PBXProject "Apple Remote Demo" */ = {
			isa = XCConfigurationList;
			buildConfigurations = (
				DDB6D7951A6459CB003B6EEA /* Debug */,
				DDB6D7961A6459CB003B6EEA /* Release */,
			);
			defaultConfigurationIsVisible = 0;
			defaultConfigurationName = Release;
		};
		DDB6D7971A6459CB003B6EEA /* Build configuration list for PBXNativeTarget "Apple Remote Demo" */ = {
			isa = XCConfigurationList;
			buildConfigurations = (
				DDB6D7981A6459CB003B6EEA /* Debug */,
				DDB6D7991A6459CB003B6EEA /* Release */,
			);
			defaultConfigurationIsVisible = 0;
			defaultConfigurationName = Release;
		};
/* End XCConfigurationList section */
	};
	rootObject = DDB6D7721A6459CB003B6EEA /* Project object */;
}
